{
    "_readme": [
        "This file locks the dependencies of your project to a known state",
        "Read more about it at https://getcomposer.org/doc/01-basic-usage.md#installing-dependencies",
        "This file is @generated automatically"
    ],
    "content-hash": "31cc1eb619e1f1dfb94d1681ac04ccae",
    "packages": [],
    "packages-dev": [
        {
            "name": "heropoo/console",
            "version": "v0.1",
            "source": {
                "type": "git",
                "url": "https://github.com/heropoo/console.git",
                "reference": "4074c76d9d2f0751d2dd877b658c9357c3d4a71d"
            },
            "dist": {
                "type": "zip",
                "url": "https://api.github.com/repos/heropoo/console/zipball/4074c76d9d2f0751d2dd877b658c9357c3d4a71d",
                "reference": "4074c76d9d2f0751d2dd877b658c9357c3d4a71d",
                "shasum": ""
            },
            "type": "library",
            "autoload": {
                "psr-4": {
                    "Moon\\Console\\": ""
                }
            },
            "notification-url": "https://packagist.org/downloads/",
            "license": [
                "MIT"
            ],
            "authors": [
                {
                    "name": "heropoo",
                    "email": "aiyouyou1000@163.com"
                }
            ],
            "description": "A cli component",
            "time": "2019-03-16T15:59:57+00:00"
        }
    ],
    "aliases": [],
    "minimum-stability": "stable",
    "stability-flags": [],
    "prefer-stable": false,
    "prefer-lowest": false,
    "platform": {
        "php": ">=7.0"
    },
    "platform-dev": []
}
